
Microsoft Visual Studio Solution File, Format Version 12.00
# Visual Studio Version 17
VisualStudioVersion = 17.11.35327.3
MinimumVisualStudioVersion = 10.0.40219.1
Project("{9A19103F-16F7-4668-BE54-9A1E7A4F7556}") = "Khronos4", "Khronos4.csproj", "{696809B6-CF81-4C18-8704-5D40E354BC01}"
EndProject
Global
	GlobalSection(SolutionConfigurationPlatforms) = preSolution
		Debug|Any CPU = Debug|Any CPU
		Release|Any CPU = Release|Any CPU
	EndGlobalSection
	GlobalSection(ProjectConfigurationPlatforms) = postSolution
		{696809B6-CF81-4C18-8704-5D40E354BC01}.Debug|Any CPU.ActiveCfg = Debug|Any CPU
		{696809B6-CF81-4C18-8704-5D40E354BC01}.Debug|Any CPU.Build.0 = Debug|Any CPU
		{696809B6-CF81-4C18-8704-5D40E354BC01}.Release|Any CPU.ActiveCfg = Release|Any CPU
		{696809B6-CF81-4C18-8704-5D40E354BC01}.Release|Any CPU.Build.0 = Release|Any CPU
	EndGlobalSection
	GlobalSection(SolutionProperties) = preSolution
		HideSolutionNode = FALSE
	EndGlobalSection
	GlobalSection(ExtensibilityGlobals) = postSolution
		SolutionGuid = {2B09E4AC-4A2E-440A-90EE-0BD293872935}
	EndGlobalSection
EndGlobal
